
Microsoft Visual Studio Solution File, Format Version 12.00
# Visual Studio 15
VisualStudioVersion = 15.0.27428.2037
MinimumVisualStudioVersion = 10.0.40219.1
Project("{FAE04EC0-301F-11D3-BF4B-00C04F79EFBC}") = "OoptiRH.API", "OoptiRH.Web\OoptiRH.API.csproj", "{737A7902-3756-4484-BB5E-146D71640AAC}"
EndProject
Project("{2150E333-8FDC-42A3-9474-1A3956D46DE8}") = "OoptiRH.CrossCutting", "OoptiRH.CrossCutting", "{8BD047FC-061D-41BF-B1B1-B20FD7FF3A34}"
EndProject
Project("{FAE04EC0-301F-11D3-BF4B-00C04F79EFBC}") = "OoptiRH.Kernel", "OoptiRH.Kernel\OoptiRH.Kernel.csproj", "{F1EEC16B-4D71-4970-BDB6-07C4D36C49C4}"
EndProject
Project("{FAE04EC0-301F-11D3-BF4B-00C04F79EFBC}") = "OoptiRH.Common", "OoptiRH.Common\OoptiRH.Common.csproj", "{A5396945-CD0F-4AAF-A9BA-5A068BCB0855}"
EndProject
Project("{2150E333-8FDC-42A3-9474-1A3956D46DE8}") = "OoptiRH.BL", "OoptiRH.BL", "{CB72707C-0958-4C37-864D-79A4D65D6090}"
EndProject
Project("{2150E333-8FDC-42A3-9474-1A3956D46DE8}") = "ooptiRH.DAL", "ooptiRH.DAL", "{97D5091C-7E44-42BA-B0D9-E144D257E197}"
EndProject
Project("{FAE04EC0-301F-11D3-BF4B-00C04F79EFBC}") = "OoptiRH.Manager", "OoptiRH.Manager\OoptiRH.Manager.csproj", "{EF19D08A-8A83-46CB-8A46-4D8328FE41D5}"
EndProject
Project("{FAE04EC0-301F-11D3-BF4B-00C04F79EFBC}") = "OoptiRH.DBAcess", "OoptiRH.DBAcess\OoptiRH.DBAcess.csproj", "{DC5D25FD-4FC4-4AEB-8E3C-39D2A3580D9D}"
EndProject
Project("{FAE04EC0-301F-11D3-BF4B-00C04F79EFBC}") = "OoptiRH.External", "OoptiRH.External\OoptiRH.External.csproj", "{02FB7677-F1EA-4DE2-AAE9-72925BF68867}"
EndProject
Project("{FAE04EC0-301F-11D3-BF4B-00C04F79EFBC}") = "OoptiRH.ManagerTest", "OoptiRH.ManagerTest\OoptiRH.ManagerTest.csproj", "{4F036EBC-5DC8-40C1-8141-B601C86D91BF}"
EndProject
Project("{FAE04EC0-301F-11D3-BF4B-00C04F79EFBC}") = "OoptiRH.DBAcessTest", "OoptiRH.DBAcessTest\OoptiRH.DBAcessTest.csproj", "{560199CC-8DAC-4073-BF13-3BE128E7F1C6}"
EndProject
Project("{FAE04EC0-301F-11D3-BF4B-00C04F79EFBC}") = "OoptiRH.APITest", "OoptiRH.WebTest\OoptiRH.APITest.csproj", "{3CE00135-D17B-43F8-91A6-E809E8D8A59A}"
EndProject
Global
	GlobalSection(SolutionConfigurationPlatforms) = preSolution
		Debug|Any CPU = Debug|Any CPU
		Release|Any CPU = Release|Any CPU
	EndGlobalSection
	GlobalSection(ProjectConfigurationPlatforms) = postSolution
		{737A7902-3756-4484-BB5E-146D71640AAC}.Debug|Any CPU.ActiveCfg = Debug|Any CPU
		{737A7902-3756-4484-BB5E-146D71640AAC}.Debug|Any CPU.Build.0 = Debug|Any CPU
		{737A7902-3756-4484-BB5E-146D71640AAC}.Release|Any CPU.ActiveCfg = Release|Any CPU
		{737A7902-3756-4484-BB5E-146D71640AAC}.Release|Any CPU.Build.0 = Release|Any CPU
		{F1EEC16B-4D71-4970-BDB6-07C4D36C49C4}.Debug|Any CPU.ActiveCfg = Debug|Any CPU
		{F1EEC16B-4D71-4970-BDB6-07C4D36C49C4}.Debug|Any CPU.Build.0 = Debug|Any CPU
		{F1EEC16B-4D71-4970-BDB6-07C4D36C49C4}.Release|Any CPU.ActiveCfg = Release|Any CPU
		{F1EEC16B-4D71-4970-BDB6-07C4D36C49C4}.Release|Any CPU.Build.0 = Release|Any CPU
		{A5396945-CD0F-4AAF-A9BA-5A068BCB0855}.Debug|Any CPU.ActiveCfg = Debug|Any CPU
		{A5396945-CD0F-4AAF-A9BA-5A068BCB0855}.Debug|Any CPU.Build.0 = Debug|Any CPU
		{A5396945-CD0F-4AAF-A9BA-5A068BCB0855}.Release|Any CPU.ActiveCfg = Release|Any CPU
		{A5396945-CD0F-4AAF-A9BA-5A068BCB0855}.Release|Any CPU.Build.0 = Release|Any CPU
		{EF19D08A-8A83-46CB-8A46-4D8328FE41D5}.Debug|Any CPU.ActiveCfg = Debug|Any CPU
		{EF19D08A-8A83-46CB-8A46-4D8328FE41D5}.Debug|Any CPU.Build.0 = Debug|Any CPU
		{EF19D08A-8A83-46CB-8A46-4D8328FE41D5}.Release|Any CPU.ActiveCfg = Release|Any CPU
		{EF19D08A-8A83-46CB-8A46-4D8328FE41D5}.Release|Any CPU.Build.0 = Release|Any CPU
		{DC5D25FD-4FC4-4AEB-8E3C-39D2A3580D9D}.Debug|Any CPU.ActiveCfg = Debug|Any CPU
		{DC5D25FD-4FC4-4AEB-8E3C-39D2A3580D9D}.Debug|Any CPU.Build.0 = Debug|Any CPU
		{DC5D25FD-4FC4-4AEB-8E3C-39D2A3580D9D}.Release|Any CPU.ActiveCfg = Release|Any CPU
		{DC5D25FD-4FC4-4AEB-8E3C-39D2A3580D9D}.Release|Any CPU.Build.0 = Release|Any CPU
		{02FB7677-F1EA-4DE2-AAE9-72925BF68867}.Debug|Any CPU.ActiveCfg = Debug|Any CPU
		{02FB7677-F1EA-4DE2-AAE9-72925BF68867}.Debug|Any CPU.Build.0 = Debug|Any CPU
		{02FB7677-F1EA-4DE2-AAE9-72925BF68867}.Release|Any CPU.ActiveCfg = Release|Any CPU
		{02FB7677-F1EA-4DE2-AAE9-72925BF68867}.Release|Any CPU.Build.0 = Release|Any CPU
		{4F036EBC-5DC8-40C1-8141-B601C86D91BF}.Debug|Any CPU.ActiveCfg = Debug|Any CPU
		{4F036EBC-5DC8-40C1-8141-B601C86D91BF}.Debug|Any CPU.Build.0 = Debug|Any CPU
		{4F036EBC-5DC8-40C1-8141-B601C86D91BF}.Release|Any CPU.ActiveCfg = Release|Any CPU
		{4F036EBC-5DC8-40C1-8141-B601C86D91BF}.Release|Any CPU.Build.0 = Release|Any CPU
		{560199CC-8DAC-4073-BF13-3BE128E7F1C6}.Debug|Any CPU.ActiveCfg = Debug|Any CPU
		{560199CC-8DAC-4073-BF13-3BE128E7F1C6}.Debug|Any CPU.Build.0 = Debug|Any CPU
		{560199CC-8DAC-4073-BF13-3BE128E7F1C6}.Release|Any CPU.ActiveCfg = Release|Any CPU
		{560199CC-8DAC-4073-BF13-3BE128E7F1C6}.Release|Any CPU.Build.0 = Release|Any CPU
		{3CE00135-D17B-43F8-91A6-E809E8D8A59A}.Debug|Any CPU.ActiveCfg = Debug|Any CPU
		{3CE00135-D17B-43F8-91A6-E809E8D8A59A}.Debug|Any CPU.Build.0 = Debug|Any CPU
		{3CE00135-D17B-43F8-91A6-E809E8D8A59A}.Release|Any CPU.ActiveCfg = Release|Any CPU
		{3CE00135-D17B-43F8-91A6-E809E8D8A59A}.Release|Any CPU.Build.0 = Release|Any CPU
	EndGlobalSection
	GlobalSection(SolutionProperties) = preSolution
		HideSolutionNode = FALSE
	EndGlobalSection
	GlobalSection(NestedProjects) = preSolution
		{F1EEC16B-4D71-4970-BDB6-07C4D36C49C4} = {8BD047FC-061D-41BF-B1B1-B20FD7FF3A34}
		{A5396945-CD0F-4AAF-A9BA-5A068BCB0855} = {8BD047FC-061D-41BF-B1B1-B20FD7FF3A34}
		{EF19D08A-8A83-46CB-8A46-4D8328FE41D5} = {CB72707C-0958-4C37-864D-79A4D65D6090}
		{DC5D25FD-4FC4-4AEB-8E3C-39D2A3580D9D} = {97D5091C-7E44-42BA-B0D9-E144D257E197}
		{02FB7677-F1EA-4DE2-AAE9-72925BF68867} = {97D5091C-7E44-42BA-B0D9-E144D257E197}
		{4F036EBC-5DC8-40C1-8141-B601C86D91BF} = {CB72707C-0958-4C37-864D-79A4D65D6090}
		{560199CC-8DAC-4073-BF13-3BE128E7F1C6} = {97D5091C-7E44-42BA-B0D9-E144D257E197}
	EndGlobalSection
	GlobalSection(ExtensibilityGlobals) = postSolution
		SolutionGuid = {02412C22-A423-4224-82A9-2EB296AB08AD}
	EndGlobalSection
EndGlobal
